
Microsoft Visual Studio Solution File, Format Version 12.00
# Visual Studio Version 17
VisualStudioVersion = 17.5.33424.131
MinimumVisualStudioVersion = 10.0.40219.1
Project("{FAE04EC0-301F-11D3-BF4B-00C04F79EFBC}") = "Company", "Company\Company.csproj", "{78855396-8141-42A0-A911-5978ABF35D79}"
EndProject
Global
	GlobalSection(SolutionConfigurationPlatforms) = preSolution
		Debug|Any CPU = Debug|Any CPU
		Release|Any CPU = Release|Any CPU
	EndGlobalSection
	GlobalSection(ProjectConfigurationPlatforms) = postSolution
		{78855396-8141-42A0-A911-5978ABF35D79}.Debug|Any CPU.ActiveCfg = Debug|Any CPU
		{78855396-8141-42A0-A911-5978ABF35D79}.Debug|Any CPU.Build.0 = Debug|Any CPU
		{78855396-8141-42A0-A911-5978ABF35D79}.Release|Any CPU.ActiveCfg = Release|Any CPU
		{78855396-8141-42A0-A911-5978ABF35D79}.Release|Any CPU.Build.0 = Release|Any CPU
	EndGlobalSection
	GlobalSection(SolutionProperties) = preSolution
		HideSolutionNode = FALSE
	EndGlobalSection
	GlobalSection(ExtensibilityGlobals) = postSolution
		SolutionGuid = {8D4E30D1-7377-4133-8BFA-1CB86127F5B8}
	EndGlobalSection
EndGlobal
